
Microsoft Visual Studio Solution File, Format Version 12.00
# Visual Studio Version 16
VisualStudioVersion = 16.0.31205.134
MinimumVisualStudioVersion = 10.0.40219.1
Project("{2150E333-8FDC-42A3-9474-1A3956D46DE8}") = "Web", "Web", "{DAAF45A9-66E0-457C-A17B-95BE6B4AE3CE}"
EndProject
Project("{2150E333-8FDC-42A3-9474-1A3956D46DE8}") = "Modules", "Modules", "{59EA5574-BAF2-4BC2-91FA-1353C4DE1B4F}"
EndProject
Project("{2150E333-8FDC-42A3-9474-1A3956D46DE8}") = "Common", "Common", "{200F106B-9E31-4037-91D2-DE3C9BE88417}"
EndProject
Project("{2150E333-8FDC-42A3-9474-1A3956D46DE8}") = "Catalog", "Catalog", "{32FE7D46-6CCE-4BC5-B51E-11C109707A14}"
EndProject
Project("{9A19103F-16F7-4668-BE54-9A1E7A4F7556}") = "FoodOrdering.Modules.Catalog.Tests", "FoodOrdering.Modules.Catalog.Tests\FoodOrdering.Modules.Catalog.Tests.csproj", "{6191663C-9F9D-49AC-8752-25A2E85F2D28}"
EndProject
Project("{9A19103F-16F7-4668-BE54-9A1E7A4F7556}") = "FoodOrdering.Common", "FoodOrdering.Common\FoodOrdering.Common.csproj", "{9792227A-0083-4F63-A6F5-830903182B98}"
EndProject
Project("{9A19103F-16F7-4668-BE54-9A1E7A4F7556}") = "FoodOrdering.Common.Tests", "FoodOrdering.Common.Tests\FoodOrdering.Common.Tests.csproj", "{9E3548D6-79CC-4CAE-9669-3E58213BC9E4}"
EndProject
Project("{2150E333-8FDC-42A3-9474-1A3956D46DE8}") = "Coupons", "Coupons", "{589A231A-B443-48DC-8A4E-32C81BF96761}"
EndProject
Project("{9A19103F-16F7-4668-BE54-9A1E7A4F7556}") = "FoodOrdering.Modules.Coupons", "FoodOrdering.Modules.Coupons.Core\FoodOrdering.Modules.Coupons.csproj", "{1E7C90A2-1E1B-4A1D-B258-1C839562F6A8}"
EndProject
Project("{9A19103F-16F7-4668-BE54-9A1E7A4F7556}") = "FoodOrdering.Modules.Coupons.Tests", "FoodOrdering.Modules.Coupons.Tests\FoodOrdering.Modules.Coupons.Tests.csproj", "{B35C1255-9D0C-4624-B854-7C86BAE0300B}"
EndProject
Project("{9A19103F-16F7-4668-BE54-9A1E7A4F7556}") = "FoodOrdering.Common.TestUtilities", "FoodOrdering.Common.TestUtilities\FoodOrdering.Common.TestUtilities.csproj", "{9FE3905E-5304-48D4-817B-865A12FC9425}"
EndProject
Project("{2150E333-8FDC-42A3-9474-1A3956D46DE8}") = "Surveys", "Surveys", "{F713A158-CAF9-492C-B588-328095E06E9F}"
EndProject
Project("{9A19103F-16F7-4668-BE54-9A1E7A4F7556}") = "FoodOrdering.Modules.Surveys", "FoodOrdering.Modules.Surveys.Core\FoodOrdering.Modules.Surveys.csproj", "{223D1010-DE95-43A4-8AF6-1B6F9239EF51}"
EndProject
Project("{2150E333-8FDC-42A3-9474-1A3956D46DE8}") = "Basket", "Basket", "{3886A956-231E-4F16-9EE6-78373E9EFE91}"
EndProject
Project("{9A19103F-16F7-4668-BE54-9A1E7A4F7556}") = "FoodOrdering.Modules.Basket.Tests", "FoodOrdering.Modules.Basket.Tests\FoodOrdering.Modules.Basket.Tests.csproj", "{AE21AC8E-A161-4968-A455-F4A724B1C3BF}"
EndProject
Project("{2150E333-8FDC-42A3-9474-1A3956D46DE8}") = "Users", "Users", "{EFE1C263-EE9E-443C-93DE-41FF50FC3452}"
EndProject
Project("{9A19103F-16F7-4668-BE54-9A1E7A4F7556}") = "FoodOrdering.Modules.Users.Contracts", "FoodOrdering.Modules.Users.Core\FoodOrdering.Modules.Users.Contracts.csproj", "{16A5FAF2-7F06-4FEC-B604-91537B6110F4}"
EndProject
Project("{2150E333-8FDC-42A3-9474-1A3956D46DE8}") = "OrderProcessing", "OrderProcessing", "{2D1F6301-6369-4E8D-80C0-3B6C2A8BB84A}"
EndProject
Project("{9A19103F-16F7-4668-BE54-9A1E7A4F7556}") = "FoodOrdering.Modules.Basket.Contracts", "FoodOrdering.Modules.Basket.Messages\FoodOrdering.Modules.Basket.Contracts.csproj", "{F6A0CBCA-EFA3-443E-8BBB-D037C6CECE40}"
EndProject
Project("{9A19103F-16F7-4668-BE54-9A1E7A4F7556}") = "FoodOrdering.Modules.Coupons.Contracts", "FoodOrdering.Modules.Coupons.Messages\FoodOrdering.Modules.Coupons.Contracts.csproj", "{01685781-B4E5-42A1-9D3D-38B1EBAF9988}"
EndProject
Project("{9A19103F-16F7-4668-BE54-9A1E7A4F7556}") = "FoodOrdering.Modules.Catalog.Contracts", "FoodOrdering.Modules.Catalog.Contracts\FoodOrdering.Modules.Catalog.Contracts.csproj", "{7FA1950A-67CB-4FF0-982C-72B0C90CA04C}"
EndProject
Project("{9A19103F-16F7-4668-BE54-9A1E7A4F7556}") = "FoodOrdering.Modules.Surveys.Contracts", "FoodOrdering.Modules.Surveys.Contracts\FoodOrdering.Modules.Surveys.Contracts.csproj", "{38F52108-9C20-42CE-AA7F-D40FB04F9C3D}"
EndProject
Project("{9A19103F-16F7-4668-BE54-9A1E7A4F7556}") = "FoodOrdering.Modules.Catalog", "FoodOrdering.Modules.Catalog\FoodOrdering.Modules.Catalog.csproj", "{D4D5D681-1759-4BBB-85FB-30E939436A80}"
EndProject
Project("{9A19103F-16F7-4668-BE54-9A1E7A4F7556}") = "FoodOrdering.Modules.Basket", "FoodOrdering.Modules.Basket\FoodOrdering.Modules.Basket.csproj", "{70E76586-473B-4658-82AB-0343D7A29378}"
EndProject
Project("{9A19103F-16F7-4668-BE54-9A1E7A4F7556}") = "FoodOrdering.Modules.Users", "FoodOrdering.Modules.Users\FoodOrdering.Modules.Users.csproj", "{D5B830D6-7FE9-4D29-A49C-CCADE468CB85}"
EndProject
Project("{9A19103F-16F7-4668-BE54-9A1E7A4F7556}") = "FoodOrdering.Web.Api", "FoodOrdering.Web.Api\FoodOrdering.Web.Api.csproj", "{A48786C3-5755-431A-B828-E392368C0533}"
EndProject
Project("{2150E333-8FDC-42A3-9474-1A3956D46DE8}") = "Auth", "Auth", "{4A830F00-1393-49B1-9CD6-AA0BC071BEF2}"
EndProject
Project("{9A19103F-16F7-4668-BE54-9A1E7A4F7556}") = "FoodOrdering.Modules.Auth", "FoodOrdering.Modules.Auth\FoodOrdering.Modules.Auth.csproj", "{B2F4BCE1-AF88-49CD-8BF6-408C37DBE3F4}"
EndProject
Project("{9A19103F-16F7-4668-BE54-9A1E7A4F7556}") = "FoodOrdering.Modules.Auth.Contracts", "FoodOrdering.Modules.Auth.Contracts\FoodOrdering.Modules.Auth.Contracts.csproj", "{BFF60AB7-23BA-443B-8813-F8EBD9362EFE}"
EndProject
Project("{FAE04EC0-301F-11D3-BF4B-00C04F79EFBC}") = "FoodOrdering.Modules.OrderProcessing.Contracts", "FoodOrdering.Modules.OrderProcessing.Contracts\FoodOrdering.Modules.OrderProcessing.Contracts.csproj", "{B7CBF3D3-905F-400D-8D9F-72119054EC68}"
EndProject
Project("{FAE04EC0-301F-11D3-BF4B-00C04F79EFBC}") = "FoodOrdering.Modules.OrderProcessing", "FoodOrdering.Modules.OrderProcessing\FoodOrdering.Modules.OrderProcessing.csproj", "{D0B807C5-D766-493F-98D3-7078B81B5903}"
EndProject
Project("{FAE04EC0-301F-11D3-BF4B-00C04F79EFBC}") = "FoodOrdering.Modules.Basket.Domain", "FoodOrdering.Modules.Basket.Domain\FoodOrdering.Modules.Basket.Domain.csproj", "{27998FA4-ED2D-44FB-AD94-A53EA174E801}"
EndProject
Project("{FAE04EC0-301F-11D3-BF4B-00C04F79EFBC}") = "FoodOrdering.Modules.Basket.Infrastructure", "FoodOrdering.Modules.Basket.Infrastructure\FoodOrdering.Modules.Basket.Infrastructure.csproj", "{0E557401-43B7-4EB9-9413-76C1584D3232}"
EndProject
Global
	GlobalSection(SolutionConfigurationPlatforms) = preSolution
		Debug|Any CPU = Debug|Any CPU
		Release|Any CPU = Release|Any CPU
	EndGlobalSection
	GlobalSection(ProjectConfigurationPlatforms) = postSolution
		{6191663C-9F9D-49AC-8752-25A2E85F2D28}.Debug|Any CPU.ActiveCfg = Debug|Any CPU
		{6191663C-9F9D-49AC-8752-25A2E85F2D28}.Debug|Any CPU.Build.0 = Debug|Any CPU
		{6191663C-9F9D-49AC-8752-25A2E85F2D28}.Release|Any CPU.ActiveCfg = Release|Any CPU
		{6191663C-9F9D-49AC-8752-25A2E85F2D28}.Release|Any CPU.Build.0 = Release|Any CPU
		{9792227A-0083-4F63-A6F5-830903182B98}.Debug|Any CPU.ActiveCfg = Debug|Any CPU
		{9792227A-0083-4F63-A6F5-830903182B98}.Debug|Any CPU.Build.0 = Debug|Any CPU
		{9792227A-0083-4F63-A6F5-830903182B98}.Release|Any CPU.ActiveCfg = Release|Any CPU
		{9792227A-0083-4F63-A6F5-830903182B98}.Release|Any CPU.Build.0 = Release|Any CPU
		{9E3548D6-79CC-4CAE-9669-3E58213BC9E4}.Debug|Any CPU.ActiveCfg = Debug|Any CPU
		{9E3548D6-79CC-4CAE-9669-3E58213BC9E4}.Debug|Any CPU.Build.0 = Debug|Any CPU
		{9E3548D6-79CC-4CAE-9669-3E58213BC9E4}.Release|Any CPU.ActiveCfg = Release|Any CPU
		{9E3548D6-79CC-4CAE-9669-3E58213BC9E4}.Release|Any CPU.Build.0 = Release|Any CPU
		{1E7C90A2-1E1B-4A1D-B258-1C839562F6A8}.Debug|Any CPU.ActiveCfg = Debug|Any CPU
		{1E7C90A2-1E1B-4A1D-B258-1C839562F6A8}.Debug|Any CPU.Build.0 = Debug|Any CPU
		{1E7C90A2-1E1B-4A1D-B258-1C839562F6A8}.Release|Any CPU.ActiveCfg = Release|Any CPU
		{1E7C90A2-1E1B-4A1D-B258-1C839562F6A8}.Release|Any CPU.Build.0 = Release|Any CPU
		{B35C1255-9D0C-4624-B854-7C86BAE0300B}.Debug|Any CPU.ActiveCfg = Debug|Any CPU
		{B35C1255-9D0C-4624-B854-7C86BAE0300B}.Debug|Any CPU.Build.0 = Debug|Any CPU
		{B35C1255-9D0C-4624-B854-7C86BAE0300B}.Release|Any CPU.ActiveCfg = Release|Any CPU
		{B35C1255-9D0C-4624-B854-7C86BAE0300B}.Release|Any CPU.Build.0 = Release|Any CPU
		{9FE3905E-5304-48D4-817B-865A12FC9425}.Debug|Any CPU.ActiveCfg = Debug|Any CPU
		{9FE3905E-5304-48D4-817B-865A12FC9425}.Debug|Any CPU.Build.0 = Debug|Any CPU
		{9FE3905E-5304-48D4-817B-865A12FC9425}.Release|Any CPU.ActiveCfg = Release|Any CPU
		{9FE3905E-5304-48D4-817B-865A12FC9425}.Release|Any CPU.Build.0 = Release|Any CPU
		{223D1010-DE95-43A4-8AF6-1B6F9239EF51}.Debug|Any CPU.ActiveCfg = Debug|Any CPU
		{223D1010-DE95-43A4-8AF6-1B6F9239EF51}.Debug|Any CPU.Build.0 = Debug|Any CPU
		{223D1010-DE95-43A4-8AF6-1B6F9239EF51}.Release|Any CPU.ActiveCfg = Release|Any CPU
		{223D1010-DE95-43A4-8AF6-1B6F9239EF51}.Release|Any CPU.Build.0 = Release|Any CPU
		{AE21AC8E-A161-4968-A455-F4A724B1C3BF}.Debug|Any CPU.ActiveCfg = Debug|Any CPU
		{AE21AC8E-A161-4968-A455-F4A724B1C3BF}.Debug|Any CPU.Build.0 = Debug|Any CPU
		{AE21AC8E-A161-4968-A455-F4A724B1C3BF}.Release|Any CPU.ActiveCfg = Release|Any CPU
		{AE21AC8E-A161-4968-A455-F4A724B1C3BF}.Release|Any CPU.Build.0 = Release|Any CPU
		{16A5FAF2-7F06-4FEC-B604-91537B6110F4}.Debug|Any CPU.ActiveCfg = Debug|Any CPU
		{16A5FAF2-7F06-4FEC-B604-91537B6110F4}.Debug|Any CPU.Build.0 = Debug|Any CPU
		{16A5FAF2-7F06-4FEC-B604-91537B6110F4}.Release|Any CPU.ActiveCfg = Release|Any CPU
		{16A5FAF2-7F06-4FEC-B604-91537B6110F4}.Release|Any CPU.Build.0 = Release|Any CPU
		{F6A0CBCA-EFA3-443E-8BBB-D037C6CECE40}.Debug|Any CPU.ActiveCfg = Debug|Any CPU
		{F6A0CBCA-EFA3-443E-8BBB-D037C6CECE40}.Debug|Any CPU.Build.0 = Debug|Any CPU
		{F6A0CBCA-EFA3-443E-8BBB-D037C6CECE40}.Release|Any CPU.ActiveCfg = Release|Any CPU
		{F6A0CBCA-EFA3-443E-8BBB-D037C6CECE40}.Release|Any CPU.Build.0 = Release|Any CPU
		{01685781-B4E5-42A1-9D3D-38B1EBAF9988}.Debug|Any CPU.ActiveCfg = Debug|Any CPU
		{01685781-B4E5-42A1-9D3D-38B1EBAF9988}.Debug|Any CPU.Build.0 = Debug|Any CPU
		{01685781-B4E5-42A1-9D3D-38B1EBAF9988}.Release|Any CPU.ActiveCfg = Release|Any CPU
		{01685781-B4E5-42A1-9D3D-38B1EBAF9988}.Release|Any CPU.Build.0 = Release|Any CPU
		{7FA1950A-67CB-4FF0-982C-72B0C90CA04C}.Debug|Any CPU.ActiveCfg = Debug|Any CPU
		{7FA1950A-67CB-4FF0-982C-72B0C90CA04C}.Debug|Any CPU.Build.0 = Debug|Any CPU
		{7FA1950A-67CB-4FF0-982C-72B0C90CA04C}.Release|Any CPU.ActiveCfg = Release|Any CPU
		{7FA1950A-67CB-4FF0-982C-72B0C90CA04C}.Release|Any CPU.Build.0 = Release|Any CPU
		{38F52108-9C20-42CE-AA7F-D40FB04F9C3D}.Debug|Any CPU.ActiveCfg = Debug|Any CPU
		{38F52108-9C20-42CE-AA7F-D40FB04F9C3D}.Debug|Any CPU.Build.0 = Debug|Any CPU
		{38F52108-9C20-42CE-AA7F-D40FB04F9C3D}.Release|Any CPU.ActiveCfg = Release|Any CPU
		{38F52108-9C20-42CE-AA7F-D40FB04F9C3D}.Release|Any CPU.Build.0 = Release|Any CPU
		{D4D5D681-1759-4BBB-85FB-30E939436A80}.Debug|Any CPU.ActiveCfg = Debug|Any CPU
		{D4D5D681-1759-4BBB-85FB-30E939436A80}.Debug|Any CPU.Build.0 = Debug|Any CPU
		{D4D5D681-1759-4BBB-85FB-30E939436A80}.Release|Any CPU.ActiveCfg = Release|Any CPU
		{D4D5D681-1759-4BBB-85FB-30E939436A80}.Release|Any CPU.Build.0 = Release|Any CPU
		{70E76586-473B-4658-82AB-0343D7A29378}.Debug|Any CPU.ActiveCfg = Debug|Any CPU
		{70E76586-473B-4658-82AB-0343D7A29378}.Debug|Any CPU.Build.0 = Debug|Any CPU
		{70E76586-473B-4658-82AB-0343D7A29378}.Release|Any CPU.ActiveCfg = Release|Any CPU
		{70E76586-473B-4658-82AB-0343D7A29378}.Release|Any CPU.Build.0 = Release|Any CPU
		{D5B830D6-7FE9-4D29-A49C-CCADE468CB85}.Debug|Any CPU.ActiveCfg = Debug|Any CPU
		{D5B830D6-7FE9-4D29-A49C-CCADE468CB85}.Debug|Any CPU.Build.0 = Debug|Any CPU
		{D5B830D6-7FE9-4D29-A49C-CCADE468CB85}.Release|Any CPU.ActiveCfg = Release|Any CPU
		{D5B830D6-7FE9-4D29-A49C-CCADE468CB85}.Release|Any CPU.Build.0 = Release|Any CPU
		{A48786C3-5755-431A-B828-E392368C0533}.Debug|Any CPU.ActiveCfg = Debug|Any CPU
		{A48786C3-5755-431A-B828-E392368C0533}.Debug|Any CPU.Build.0 = Debug|Any CPU
		{A48786C3-5755-431A-B828-E392368C0533}.Release|Any CPU.ActiveCfg = Release|Any CPU
		{A48786C3-5755-431A-B828-E392368C0533}.Release|Any CPU.Build.0 = Release|Any CPU
		{B2F4BCE1-AF88-49CD-8BF6-408C37DBE3F4}.Debug|Any CPU.ActiveCfg = Debug|Any CPU
		{B2F4BCE1-AF88-49CD-8BF6-408C37DBE3F4}.Debug|Any CPU.Build.0 = Debug|Any CPU
		{B2F4BCE1-AF88-49CD-8BF6-408C37DBE3F4}.Release|Any CPU.ActiveCfg = Release|Any CPU
		{B2F4BCE1-AF88-49CD-8BF6-408C37DBE3F4}.Release|Any CPU.Build.0 = Release|Any CPU
		{BFF60AB7-23BA-443B-8813-F8EBD9362EFE}.Debug|Any CPU.ActiveCfg = Debug|Any CPU
		{BFF60AB7-23BA-443B-8813-F8EBD9362EFE}.Debug|Any CPU.Build.0 = Debug|Any CPU
		{BFF60AB7-23BA-443B-8813-F8EBD9362EFE}.Release|Any CPU.ActiveCfg = Release|Any CPU
		{BFF60AB7-23BA-443B-8813-F8EBD9362EFE}.Release|Any CPU.Build.0 = Release|Any CPU
		{B7CBF3D3-905F-400D-8D9F-72119054EC68}.Debug|Any CPU.ActiveCfg = Debug|Any CPU
		{B7CBF3D3-905F-400D-8D9F-72119054EC68}.Debug|Any CPU.Build.0 = Debug|Any CPU
		{B7CBF3D3-905F-400D-8D9F-72119054EC68}.Release|Any CPU.ActiveCfg = Release|Any CPU
		{B7CBF3D3-905F-400D-8D9F-72119054EC68}.Release|Any CPU.Build.0 = Release|Any CPU
		{D0B807C5-D766-493F-98D3-7078B81B5903}.Debug|Any CPU.ActiveCfg = Debug|Any CPU
		{D0B807C5-D766-493F-98D3-7078B81B5903}.Debug|Any CPU.Build.0 = Debug|Any CPU
		{D0B807C5-D766-493F-98D3-7078B81B5903}.Release|Any CPU.ActiveCfg = Release|Any CPU
		{D0B807C5-D766-493F-98D3-7078B81B5903}.Release|Any CPU.Build.0 = Release|Any CPU
		{27998FA4-ED2D-44FB-AD94-A53EA174E801}.Debug|Any CPU.ActiveCfg = Debug|Any CPU
		{27998FA4-ED2D-44FB-AD94-A53EA174E801}.Debug|Any CPU.Build.0 = Debug|Any CPU
		{27998FA4-ED2D-44FB-AD94-A53EA174E801}.Release|Any CPU.ActiveCfg = Release|Any CPU
		{27998FA4-ED2D-44FB-AD94-A53EA174E801}.Release|Any CPU.Build.0 = Release|Any CPU
		{0E557401-43B7-4EB9-9413-76C1584D3232}.Debug|Any CPU.ActiveCfg = Debug|Any CPU
		{0E557401-43B7-4EB9-9413-76C1584D3232}.Debug|Any CPU.Build.0 = Debug|Any CPU
		{0E557401-43B7-4EB9-9413-76C1584D3232}.Release|Any CPU.ActiveCfg = Release|Any CPU
		{0E557401-43B7-4EB9-9413-76C1584D3232}.Release|Any CPU.Build.0 = Release|Any CPU
	EndGlobalSection
	GlobalSection(SolutionProperties) = preSolution
		HideSolutionNode = FALSE
	EndGlobalSection
	GlobalSection(NestedProjects) = preSolution
		{32FE7D46-6CCE-4BC5-B51E-11C109707A14} = {59EA5574-BAF2-4BC2-91FA-1353C4DE1B4F}
		{6191663C-9F9D-49AC-8752-25A2E85F2D28} = {32FE7D46-6CCE-4BC5-B51E-11C109707A14}
		{9792227A-0083-4F63-A6F5-830903182B98} = {200F106B-9E31-4037-91D2-DE3C9BE88417}
		{9E3548D6-79CC-4CAE-9669-3E58213BC9E4} = {200F106B-9E31-4037-91D2-DE3C9BE88417}
		{589A231A-B443-48DC-8A4E-32C81BF96761} = {59EA5574-BAF2-4BC2-91FA-1353C4DE1B4F}
		{1E7C90A2-1E1B-4A1D-B258-1C839562F6A8} = {589A231A-B443-48DC-8A4E-32C81BF96761}
		{B35C1255-9D0C-4624-B854-7C86BAE0300B} = {589A231A-B443-48DC-8A4E-32C81BF96761}
		{9FE3905E-5304-48D4-817B-865A12FC9425} = {200F106B-9E31-4037-91D2-DE3C9BE88417}
		{F713A158-CAF9-492C-B588-328095E06E9F} = {59EA5574-BAF2-4BC2-91FA-1353C4DE1B4F}
		{223D1010-DE95-43A4-8AF6-1B6F9239EF51} = {F713A158-CAF9-492C-B588-328095E06E9F}
		{3886A956-231E-4F16-9EE6-78373E9EFE91} = {59EA5574-BAF2-4BC2-91FA-1353C4DE1B4F}
		{AE21AC8E-A161-4968-A455-F4A724B1C3BF} = {3886A956-231E-4F16-9EE6-78373E9EFE91}
		{EFE1C263-EE9E-443C-93DE-41FF50FC3452} = {59EA5574-BAF2-4BC2-91FA-1353C4DE1B4F}
		{16A5FAF2-7F06-4FEC-B604-91537B6110F4} = {EFE1C263-EE9E-443C-93DE-41FF50FC3452}
		{2D1F6301-6369-4E8D-80C0-3B6C2A8BB84A} = {59EA5574-BAF2-4BC2-91FA-1353C4DE1B4F}
		{F6A0CBCA-EFA3-443E-8BBB-D037C6CECE40} = {3886A956-231E-4F16-9EE6-78373E9EFE91}
		{01685781-B4E5-42A1-9D3D-38B1EBAF9988} = {589A231A-B443-48DC-8A4E-32C81BF96761}
		{7FA1950A-67CB-4FF0-982C-72B0C90CA04C} = {32FE7D46-6CCE-4BC5-B51E-11C109707A14}
		{38F52108-9C20-42CE-AA7F-D40FB04F9C3D} = {F713A158-CAF9-492C-B588-328095E06E9F}
		{D4D5D681-1759-4BBB-85FB-30E939436A80} = {32FE7D46-6CCE-4BC5-B51E-11C109707A14}
		{70E76586-473B-4658-82AB-0343D7A29378} = {3886A956-231E-4F16-9EE6-78373E9EFE91}
		{D5B830D6-7FE9-4D29-A49C-CCADE468CB85} = {EFE1C263-EE9E-443C-93DE-41FF50FC3452}
		{A48786C3-5755-431A-B828-E392368C0533} = {DAAF45A9-66E0-457C-A17B-95BE6B4AE3CE}
		{4A830F00-1393-49B1-9CD6-AA0BC071BEF2} = {59EA5574-BAF2-4BC2-91FA-1353C4DE1B4F}
		{B2F4BCE1-AF88-49CD-8BF6-408C37DBE3F4} = {4A830F00-1393-49B1-9CD6-AA0BC071BEF2}
		{BFF60AB7-23BA-443B-8813-F8EBD9362EFE} = {4A830F00-1393-49B1-9CD6-AA0BC071BEF2}
		{B7CBF3D3-905F-400D-8D9F-72119054EC68} = {2D1F6301-6369-4E8D-80C0-3B6C2A8BB84A}
		{D0B807C5-D766-493F-98D3-7078B81B5903} = {2D1F6301-6369-4E8D-80C0-3B6C2A8BB84A}
		{27998FA4-ED2D-44FB-AD94-A53EA174E801} = {3886A956-231E-4F16-9EE6-78373E9EFE91}
		{0E557401-43B7-4EB9-9413-76C1584D3232} = {3886A956-231E-4F16-9EE6-78373E9EFE91}
	EndGlobalSection
	GlobalSection(ExtensibilityGlobals) = postSolution
		SolutionGuid = {17AAE88C-D02D-4FE1-8715-7BBC0D3C3613}
	EndGlobalSection
EndGlobal
